
Microsoft Visual Studio Solution File, Format Version 12.00
# Visual Studio Version 17
VisualStudioVersion = 17.13.35825.156
MinimumVisualStudioVersion = 10.0.40219.1
Project("{FAE04EC0-301F-11D3-BF4B-00C04F79EFBC}") = "LinkedList", "LinkedList\LinkedList.csproj", "{FEB02148-0986-4160-8C16-DE933C5CCA4B}"
EndProject
Project("{FAE04EC0-301F-11D3-BF4B-00C04F79EFBC}") = "LinkedListTest", "LinkedListTest\LinkedListTest.csproj", "{72B43A9A-3A27-4AB4-A6E6-4167DFEF170A}"
EndProject
Global
	GlobalSection(SolutionConfigurationPlatforms) = preSolution
		Debug|Any CPU = Debug|Any CPU
		Release|Any CPU = Release|Any CPU
	EndGlobalSection
	GlobalSection(ProjectConfigurationPlatforms) = postSolution
		{FEB02148-0986-4160-8C16-DE933C5CCA4B}.Debug|Any CPU.ActiveCfg = Debug|Any CPU
		{FEB02148-0986-4160-8C16-DE933C5CCA4B}.Debug|Any CPU.Build.0 = Debug|Any CPU
		{FEB02148-0986-4160-8C16-DE933C5CCA4B}.Release|Any CPU.ActiveCfg = Release|Any CPU
		{FEB02148-0986-4160-8C16-DE933C5CCA4B}.Release|Any CPU.Build.0 = Release|Any CPU
		{72B43A9A-3A27-4AB4-A6E6-4167DFEF170A}.Debug|Any CPU.ActiveCfg = Debug|Any CPU
		{72B43A9A-3A27-4AB4-A6E6-4167DFEF170A}.Debug|Any CPU.Build.0 = Debug|Any CPU
		{72B43A9A-3A27-4AB4-A6E6-4167DFEF170A}.Release|Any CPU.ActiveCfg = Release|Any CPU
		{72B43A9A-3A27-4AB4-A6E6-4167DFEF170A}.Release|Any CPU.Build.0 = Release|Any CPU
	EndGlobalSection
	GlobalSection(SolutionProperties) = preSolution
		HideSolutionNode = FALSE
	EndGlobalSection
	GlobalSection(ExtensibilityGlobals) = postSolution
		SolutionGuid = {9DBE2D27-BDCC-4F27-A484-BD57E05248D0}
	EndGlobalSection
EndGlobal
